
Microsoft Visual Studio Solution File, Format Version 12.00
# Visual Studio Version 16
VisualStudioVersion = 16.0.31402.337
MinimumVisualStudioVersion = 10.0.40219.1
Project("{9A19103F-16F7-4668-BE54-9A1E7A4F7556}") = "AssemblerParser", "AssemblerParser\AssemblerParser.csproj", "{52C08131-5519-4FF1-80F4-7D2AF4C8D244}"
EndProject
Project("{9A19103F-16F7-4668-BE54-9A1E7A4F7556}") = "Emulator", "Emulator\Emulator.csproj", "{AB1744B8-291A-4A0F-BEA3-3FA7229F9874}"
EndProject
Project("{9A19103F-16F7-4668-BE54-9A1E7A4F7556}") = "Disassembler", "Disassembler\Disassembler.csproj", "{1AC9C760-72AF-4646-9DEC-7FF661C10E22}"
EndProject
Project("{9A19103F-16F7-4668-BE54-9A1E7A4F7556}") = "MMIO", "MMIO\MMIO.csproj", "{5174B78A-EC96-4A18-A1AB-A9538EAEED33}"
EndProject
Project("{FAE04EC0-301F-11D3-BF4B-00C04F79EFBC}") = "SharedLibrary", "SharedLibrary\SharedLibrary.csproj", "{8F7F2CCE-A790-4487-BA40-02EBA514F4B6}"
EndProject
Global
	GlobalSection(SolutionConfigurationPlatforms) = preSolution
		Debug|Any CPU = Debug|Any CPU
		Release|Any CPU = Release|Any CPU
	EndGlobalSection
	GlobalSection(ProjectConfigurationPlatforms) = postSolution
		{52C08131-5519-4FF1-80F4-7D2AF4C8D244}.Debug|Any CPU.ActiveCfg = Debug|Any CPU
		{52C08131-5519-4FF1-80F4-7D2AF4C8D244}.Debug|Any CPU.Build.0 = Debug|Any CPU
		{52C08131-5519-4FF1-80F4-7D2AF4C8D244}.Release|Any CPU.ActiveCfg = Release|Any CPU
		{52C08131-5519-4FF1-80F4-7D2AF4C8D244}.Release|Any CPU.Build.0 = Release|Any CPU
		{AB1744B8-291A-4A0F-BEA3-3FA7229F9874}.Debug|Any CPU.ActiveCfg = Debug|Any CPU
		{AB1744B8-291A-4A0F-BEA3-3FA7229F9874}.Debug|Any CPU.Build.0 = Debug|Any CPU
		{AB1744B8-291A-4A0F-BEA3-3FA7229F9874}.Release|Any CPU.ActiveCfg = Release|Any CPU
		{AB1744B8-291A-4A0F-BEA3-3FA7229F9874}.Release|Any CPU.Build.0 = Release|Any CPU
		{1AC9C760-72AF-4646-9DEC-7FF661C10E22}.Debug|Any CPU.ActiveCfg = Debug|Any CPU
		{1AC9C760-72AF-4646-9DEC-7FF661C10E22}.Debug|Any CPU.Build.0 = Debug|Any CPU
		{1AC9C760-72AF-4646-9DEC-7FF661C10E22}.Release|Any CPU.ActiveCfg = Release|Any CPU
		{1AC9C760-72AF-4646-9DEC-7FF661C10E22}.Release|Any CPU.Build.0 = Release|Any CPU
		{5174B78A-EC96-4A18-A1AB-A9538EAEED33}.Debug|Any CPU.ActiveCfg = Debug|Any CPU
		{5174B78A-EC96-4A18-A1AB-A9538EAEED33}.Debug|Any CPU.Build.0 = Debug|Any CPU
		{5174B78A-EC96-4A18-A1AB-A9538EAEED33}.Release|Any CPU.ActiveCfg = Release|Any CPU
		{5174B78A-EC96-4A18-A1AB-A9538EAEED33}.Release|Any CPU.Build.0 = Release|Any CPU
		{8F7F2CCE-A790-4487-BA40-02EBA514F4B6}.Debug|Any CPU.ActiveCfg = Debug|Any CPU
		{8F7F2CCE-A790-4487-BA40-02EBA514F4B6}.Debug|Any CPU.Build.0 = Debug|Any CPU
		{8F7F2CCE-A790-4487-BA40-02EBA514F4B6}.Release|Any CPU.ActiveCfg = Release|Any CPU
		{8F7F2CCE-A790-4487-BA40-02EBA514F4B6}.Release|Any CPU.Build.0 = Release|Any CPU
	EndGlobalSection
	GlobalSection(SolutionProperties) = preSolution
		HideSolutionNode = FALSE
	EndGlobalSection
	GlobalSection(ExtensibilityGlobals) = postSolution
		SolutionGuid = {C5BE6F98-2026-4FBA-B6C5-9F5B74F3673F}
	EndGlobalSection
EndGlobal
